// !$*UTF8*$!
{
	archiveVersion = 1;
	classes = {
	};
	objectVersion = 46;
	objects = {

/* Begin PBXBuildFile section */
		2E7D5A791A2B5E4A009F762B /* AppDelegate.swift in Sources */ = {isa = PBXBuildFile; fileRef = 2E7D5A781A2B5E4A009F762B /* AppDelegate.swift */; };
		2E7D5A7C1A2B5E4A009F762B /* SimpleReminder.xcdatamodeld in Sources */ = {isa = PBXBuildFile; fileRef = 2E7D5A7A1A2B5E4A009F762B /* SimpleReminder.xcdatamodeld */; };
		2E7D5A7E1A2B5E4A009F762B /* ViewController.swift in Sources */ = {isa = PBXBuildFile; fileRef = 2E7D5A7D1A2B5E4A009F762B /* ViewController.swift */; };
		2E7D5A811A2B5E4A009F762B /* Main.storyboard in Resources */ = {isa = PBXBuildFile; fileRef = 2E7D5A7F1A2B5E4A009F762B /* Main.storyboard */; };
		2E7D5A831A2B5E4A009F762B /* Images.xcassets in Resources */ = {isa = PBXBuildFile; fileRef = 2E7D5A821A2B5E4A009F762B /* Images.xcassets */; };
		2E7D5A861A2B5E4A009F762B /* LaunchScreen.xib in Resources */ = {isa = PBXBuildFile; fileRef = 2E7D5A841A2B5E4A009F762B /* LaunchScreen.xib */; };
		2E7D5A921A2B5E4A009F762B /* SimpleReminderTests.swift in Sources */ = {isa = PBXBuildFile; fileRef = 2E7D5A911A2B5E4A009F762B /* SimpleReminderTests.swift */; };
/* End PBXBuildFile section */

/* Begin PBXContainerItemProxy section */
		2E7D5A8C1A2B5E4A009F762B /* PBXContainerItemProxy */ = {
			isa = PBXContainerItemProxy;
			containerPortal = 2E7D5A6B1A2B5E4A009F762B /* Project object */;
			proxyType = 1;
			remoteGlobalIDString = 2E7D5A721A2B5E4A009F762B;
			remoteInfo = SimpleReminder;
		};
/* End PBXContainerItemProxy section */

/* Begin PBXFileReference section */
		2E7D5A731A2B5E4A009F762B /* SimpleReminder.app */ = {isa = PBXFileReference; explicitFileType = wrapper.application; includeInIndex = 0; path = SimpleReminder.app; sourceTree = BUILT_PRODUCTS_DIR; };
		2E7D5A771A2B5E4A009F762B /* Info.plist */ = {isa = PBXFileReference; lastKnownFileType = text.plist.xml; path = Info.plist; sourceTree = "<group>"; };
		2E7D5A781A2B5E4A009F762B /* AppDelegate.swift */ = {isa = PBXFileReference; lastKnownFileType = sourcecode.swift; path = AppDelegate.swift; sourceTree = "<group>"; };
		2E7D5A7B1A2B5E4A009F762B /* SimpleReminder.xcdatamodel */ = {isa = PBXFileReference; lastKnownFileType = wrapper.xcdatamodel; path = SimpleReminder.xcdatamodel; sourceTree = "<group>"; };
		2E7D5A7D1A2B5E4A009F762B /* ViewController.swift */ = {isa = PBXFileReference; lastKnownFileType = sourcecode.swift; path = ViewController.swift; sourceTree = "<group>"; };
		2E7D5A801A2B5E4A009F762B /* Base */ = {isa = PBXFileReference; lastKnownFileType = file.storyboard; name = Base; path = Base.lproj/Main.storyboard; sourceTree = "<group>"; };
		2E7D5A821A2B5E4A009F762B /* Images.xcassets */ = {isa = PBXFileReference; lastKnownFileType = folder.assetcatalog; path = Images.xcassets; sourceTree = "<group>"; };
		2E7D5A851A2B5E4A009F762B /* Base */ = {isa = PBXFileReference; lastKnownFileType = file.xib; name = Base; path = Base.lproj/LaunchScreen.xib; sourceTree = "<group>"; };
		2E7D5A8B1A2B5E4A009F762B /* SimpleReminderTests.xctest */ = {isa = PBXFileReference; explicitFileType = wrapper.cfbundle; includeInIndex = 0; path = SimpleReminderTests.xctest; sourceTree = BUILT_PRODUCTS_DIR; };
		2E7D5A901A2B5E4A009F762B /* Info.plist */ = {isa = PBXFileReference; lastKnownFileType = text.plist.xml; path = Info.plist; sourceTree = "<group>"; };
		2E7D5A911A2B5E4A009F762B /* SimpleReminderTests.swift */ = {isa = PBXFileReference; lastKnownFileType = sourcecode.swift; path = SimpleReminderTests.swift; sourceTree = "<group>"; };
/* End PBXFileReference section */

/* Begin PBXFrameworksBuildPhase section */
		2E7D5A701A2B5E4A009F762B /* Frameworks */ = {
			isa = PBXFrameworksBuildPhase;
			buildActionMask = 2147483647;
			files = (
			);
			runOnlyForDeploymentPostprocessing = 0;
		};
		2E7D5A881A2B5E4A009F762B /* Frameworks */ = {
			isa = PBXFrameworksBuildPhase;
			buildActionMask = 2147483647;
			files = (
			);
			runOnlyForDeploymentPostprocessing = 0;
		};
/* End PBXFrameworksBuildPhase section */

/* Begin PBXGroup section */
		2E7D5A6A1A2B5E4A009F762B = {
			isa = PBXGroup;
			children = (
				2E7D5A751A2B5E4A009F762B /* SimpleReminder */,
				2E7D5A8E1A2B5E4A009F762B /* SimpleReminderTests */,
				2E7D5A741A2B5E4A009F762B /* Products */,
			);
			sourceTree = "<group>";
		};
		2E7D5A741A2B5E4A009F762B /* Products */ = {
			isa = PBXGroup;
			children = (
				2E7D5A731A2B5E4A009F762B /* SimpleReminder.app */,
				2E7D5A8B1A2B5E4A009F762B /* SimpleReminderTests.xctest */,
			);
			name = Products;
			sourceTree = "<group>";
		};
		2E7D5A751A2B5E4A009F762B /* SimpleReminder */ = {
			isa = PBXGroup;
			children = (
				2E7D5A781A2B5E4A009F762B /* AppDelegate.swift */,
				2E7D5A7D1A2B5E4A009F762B /* ViewController.swift */,
				2E7D5A7F1A2B5E4A009F762B /* Main.storyboard */,
				2E7D5A821A2B5E4A009F762B /* Images.xcassets */,
				2E7D5A841A2B5E4A009F762B /* LaunchScreen.xib */,
				2E7D5A7A1A2B5E4A009F762B /* SimpleReminder.xcdatamodeld */,
				2E7D5A761A2B5E4A009F762B /* Supporting Files */,
			);
			path = SimpleReminder;
			sourceTree = "<group>";
		};
		2E7D5A761A2B5E4A009F762B /* Supporting Files */ = {
			isa = PBXGroup;
			children = (
				2E7D5A771A2B5E4A009F762B /* Info.plist */,
			);
			name = "Supporting Files";
			sourceTree = "<group>";
		};
		2E7D5A8E1A2B5E4A009F762B /* SimpleReminderTests */ = {
			isa = PBXGroup;
			children = (
				2E7D5A911A2B5E4A009F762B /* SimpleReminderTests.swift */,
				2E7D5A8F1A2B5E4A009F762B /* Supporting Files */,
			);
			path = SimpleReminderTests;
			sourceTree = "<group>";
		};
		2E7D5A8F1A2B5E4A009F762B /* Supporting Files */ = {
			isa = PBXGroup;
			children = (
				2E7D5A901A2B5E4A009F762B /* Info.plist */,
			);
			name = "Supporting Files";
			sourceTree = "<group>";
		};
/* End PBXGroup section */

/* Begin PBXNativeTarget section */
		2E7D5A721A2B5E4A009F762B /* SimpleReminder */ = {
			isa = PBXNativeTarget;
			buildConfigurationList = 2E7D5A951A2B5E4A009F762B /* Build configuration list for PBXNativeTarget "SimpleReminder" */;
			buildPhases = (
				2E7D5A6F1A2B5E4A009F762B /* Sources */,
				2E7D5A701A2B5E4A009F762B /* Frameworks */,
				2E7D5A711A2B5E4A009F762B /* Resources */,
			);
			buildRules = (
			);
			dependencies = (
			);
			name = SimpleReminder;
			productName = SimpleReminder;
			productReference = 2E7D5A731A2B5E4A009F762B /* SimpleReminder.app */;
			productType = "com.apple.product-type.application";
		};
		2E7D5A8A1A2B5E4A009F762B /* SimpleReminderTests */ = {
			isa = PBXNativeTarget;
			buildConfigurationList = 2E7D5A981A2B5E4A009F762B /* Build configuration list for PBXNativeTarget "SimpleReminderTests" */;
			buildPhases = (
				2E7D5A871A2B5E4A009F762B /* Sources */,
				2E7D5A881A2B5E4A009F762B /* Frameworks */,
				2E7D5A891A2B5E4A009F762B /* Resources */,
			);
			buildRules = (
			);
			dependencies = (
				2E7D5A8D1A2B5E4A009F762B /* PBXTargetDependency */,
			);
			name = SimpleReminderTests;
			productName = SimpleReminderTests;
			productReference = 2E7D5A8B1A2B5E4A009F762B /* SimpleReminderTests.xctest */;
			productType = "com.apple.product-type.bundle.unit-test";
		};
/* End PBXNativeTarget section */

/* Begin PBXProject section */
		2E7D5A6B1A2B5E4A009F762B /* Project object */ = {
			isa = PBXProject;
			attributes = {
				LastUpgradeCheck = 0620;
				ORGANIZATIONNAME = "Per Jansson";
				TargetAttributes = {
					2E7D5A721A2B5E4A009F762B = {
						CreatedOnToolsVersion = 6.2;
					};
					2E7D5A8A1A2B5E4A009F762B = {
						CreatedOnToolsVersion = 6.2;
						TestTargetID = 2E7D5A721A2B5E4A009F762B;
					};
				};
			};
			buildConfigurationList = 2E7D5A6E1A2B5E4A009F762B /* Build configuration list for PBXProject "SimpleReminder" */;
			compatibilityVersion = "Xcode 3.2";
			developmentRegion = English;
			hasScannedForEncodings = 0;
			knownRegions = (
				en,
				Base,
			);
			mainGroup = 2E7D5A6A1A2B5E4A009F762B;
			productRefGroup = 2E7D5A741A2B5E4A009F762B /* Products */;
			projectDirPath = "";
			projectRoot = "";
			targets = (
				2E7D5A721A2B5E4A009F762B /* SimpleReminder */,
				2E7D5A8A1A2B5E4A009F762B /* SimpleReminderTests */,
			);
		};
/* End PBXProject section */

/* Begin PBXResourcesBuildPhase section */
		2E7D5A711A2B5E4A009F762B /* Resources */ = {
			isa = PBXResourcesBuildPhase;
			buildActionMask = 2147483647;
			files = (
				2E7D5A811A2B5E4A009F762B /* Main.storyboard in Resources */,
				2E7D5A861A2B5E4A009F762B /* LaunchScreen.xib in Resources */,
				2E7D5A831A2B5E4A009F762B /* Images.xcassets in Resources */,
			);
			runOnlyForDeploymentPostprocessing = 0;
		};
		2E7D5A891A2B5E4A009F762B /* Resources */ = {
			isa = PBXResourcesBuildPhase;
			buildActionMask = 2147483647;
			files = (
			);
			runOnlyForDeploymentPostprocessing = 0;
		};
/* End PBXResourcesBuildPhase section */

/* Begin PBXSourcesBuildPhase section */
		2E7D5A6F1A2B5E4A009F762B /* Sources */ = {
			isa = PBXSourcesBuildPhase;
			buildActionMask = 2147483647;
			files = (
				2E7D5A7E1A2B5E4A009F762B /* ViewController.swift in Sources */,
				2E7D5A791A2B5E4A009F762B /* AppDelegate.swift in Sources */,
				2E7D5A7C1A2B5E4A009F762B /* SimpleReminder.xcdatamodeld in Sources */,
			);
			runOnlyForDeploymentPostprocessing = 0;
		};
		2E7D5A871A2B5E4A009F762B /* Sources */ = {
			isa = PBXSourcesBuildPhase;
			buildActionMask = 2147483647;
			files = (
				2E7D5A921A2B5E4A009F762B /* SimpleReminderTests.swift in Sources */,
			);
			runOnlyForDeploymentPostprocessing = 0;
		};
/* End PBXSourcesBuildPhase section */

/* Begin PBXTargetDependency section */
		2E7D5A8D1A2B5E4A009F762B /* PBXTargetDependency */ = {
			isa = PBXTargetDependency;
			target = 2E7D5A721A2B5E4A009F762B /* SimpleReminder */;
			targetProxy = 2E7D5A8C1A2B5E4A009F762B /* PBXContainerItemProxy */;
		};
/* End PBXTargetDependency section */

/* Begin PBXVariantGroup section */
		2E7D5A7F1A2B5E4A009F762B /* Main.storyboard */ = {
			isa = PBXVariantGroup;
			children = (
				2E7D5A801A2B5E4A009F762B /* Base */,
			);
			name = Main.storyboard;
			sourceTree = "<group>";
		};
		2E7D5A841A2B5E4A009F762B /* LaunchScreen.xib */ = {
			isa = PBXVariantGroup;
			children = (
				2E7D5A851A2B5E4A009F762B /* Base */,
			);
			name = LaunchScreen.xib;
			sourceTree = "<group>";
		};
/* End PBXVariantGroup section */

/* Begin XCBuildConfiguration section */
		2E7D5A931A2B5E4A009F762B /* Debug */ = {
			isa = XCBuildConfiguration;
			buildSettings = {
				ALWAYS_SEARCH_USER_PATHS = NO;
				CLANG_CXX_LANGUAGE_STANDARD = "gnu++0x";
				CLANG_CXX_LIBRARY = "libc++";
				CLANG_ENABLE_MODULES = YES;
				CLANG_ENABLE_OBJC_ARC = YES;
				CLANG_WARN_BOOL_CONVERSION = YES;
				CLANG_WARN_CONSTANT_CONVERSION = YES;
				CLANG_WARN_DIRECT_OBJC_ISA_USAGE = YES_ERROR;
				CLANG_WARN_EMPTY_BODY = YES;
				CLANG_WARN_ENUM_CONVERSION = YES;
				CLANG_WARN_INT_CONVERSION = YES;
				CLANG_WARN_OBJC_ROOT_CLASS = YES_ERROR;
				CLANG_WARN_UNREACHABLE_CODE = YES;
				CLANG_WARN__DUPLICATE_METHOD_MATCH = YES;
				"CODE_SIGN_IDENTITY[sdk=iphoneos*]" = "iPhone Developer";
				COPY_PHASE_STRIP = NO;
				ENABLE_STRICT_OBJC_MSGSEND = YES;
				GCC_C_LANGUAGE_STANDARD = gnu99;
				GCC_DYNAMIC_NO_PIC = NO;
				GCC_OPTIMIZATION_LEVEL = 0;
				GCC_PREPROCESSOR_DEFINITIONS = (
					"DEBUG=1",
					"$(inherited)",
				);
				GCC_SYMBOLS_PRIVATE_EXTERN = NO;
				GCC_WARN_64_TO_32_BIT_CONVERSION = YES;
				GCC_WARN_ABOUT_RETURN_TYPE = YES_ERROR;
				GCC_WARN_UNDECLARED_SELECTOR = YES;
				GCC_WARN_UNINITIALIZED_AUTOS = YES_AGGRESSIVE;
				GCC_WARN_UNUSED_FUNCTION = YES;
				GCC_WARN_UNUSED_VARIABLE = YES;
				IPHONEOS_DEPLOYMENT_TARGET = 8.2;
				MTL_ENABLE_DEBUG_INFO = YES;
				ONLY_ACTIVE_ARCH = YES;
				SDKROOT = iphoneos;
				SWIFT_OPTIMIZATION_LEVEL = "-Onone";
				TARGETED_DEVICE_FAMILY = "1,2";
			};
			name = Debug;
		};
		2E7D5A941A2B5E4A009F762B /* Release */ = {
			isa = XCBuildConfiguration;
			buildSettings = {
				ALWAYS_SEARCH_USER_PATHS = NO;
				CLANG_CXX_LANGUAGE_STANDARD = "gnu++0x";
				CLANG_CXX_LIBRARY = "libc++";
				CLANG_ENABLE_MODULES = YES;
				CLANG_ENABLE_OBJC_ARC = YES;
				CLANG_WARN_BOOL_CONVERSION = YES;
				CLANG_WARN_CONSTANT_CONVERSION = YES;
				CLANG_WARN_DIRECT_OBJC_ISA_USAGE = YES_ERROR;
				CLANG_WARN_EMPTY_BODY = YES;
				CLANG_WARN_ENUM_CONVERSION = YES;
				CLANG_WARN_INT_CONVERSION = YES;
				CLANG_WARN_OBJC_ROOT_CLASS = YES_ERROR;
				CLANG_WARN_UNREACHABLE_CODE = YES;
				CLANG_WARN__DUPLICATE_METHOD_MATCH = YES;
				"CODE_SIGN_IDENTITY[sdk=iphoneos*]" = "iPhone Developer";
				COPY_PHASE_STRIP = YES;
				ENABLE_NS_ASSERTIONS = NO;
				ENABLE_STRICT_OBJC_MSGSEND = YES;
				GCC_C_LANGUAGE_STANDARD = gnu99;
				GCC_WARN_64_TO_32_BIT_CONVERSION = YES;
				GCC_WARN_ABOUT_RETURN_TYPE = YES_ERROR;
				GCC_WARN_UNDECLARED_SELECTOR = YES;
				GCC_WARN_UNINITIALIZED_AUTOS = YES_AGGRESSIVE;
				GCC_WARN_UNUSED_FUNCTION = YES;
				GCC_WARN_UNUSED_VARIABLE = YES;
				IPHONEOS_DEPLOYMENT_TARGET = 8.2;
				MTL_ENABLE_DEBUG_INFO = NO;
				SDKROOT = iphoneos;
				TARGETED_DEVICE_FAMILY = "1,2";
				VALIDATE_PRODUCT = YES;
			};
			name = Release;
		};
		2E7D5A961A2B5E4A009F762B /* Debug */ = {
			isa = XCBuildConfiguration;
			buildSettings = {
				ASSETCATALOG_COMPILER_APPICON_NAME = AppIcon;
				INFOPLIST_FILE = SimpleReminder/Info.plist;
				LD_RUNPATH_SEARCH_PATHS = "$(inherited) @executable_path/Frameworks";
				PRODUCT_NAME = "$(TARGET_NAME)";
			};
			name = Debug;
		};
		2E7D5A971A2B5E4A009F762B /* Release */ = {
			isa = XCBuildConfiguration;
			buildSettings = {
				ASSETCATALOG_COMPILER_APPICON_NAME = AppIcon;
				INFOPLIST_FILE = SimpleReminder/Info.plist;
				LD_RUNPATH_SEARCH_PATHS = "$(inherited) @executable_path/Frameworks";
				PRODUCT_NAME = "$(TARGET_NAME)";
			};
			name = Release;
		};
		2E7D5A991A2B5E4A009F762B /* Debug */ = {
			isa = XCBuildConfiguration;
			buildSettings = {
				BUNDLE_LOADER = "$(TEST_HOST)";
				FRAMEWORK_SEARCH_PATHS = (
					"$(SDKROOT)/Developer/Library/Frameworks",
					"$(inherited)",
				);
				GCC_PREPROCESSOR_DEFINITIONS = (
					"DEBUG=1",
					"$(inherited)",
				);
				INFOPLIST_FILE = SimpleReminderTests/Info.plist;
				LD_RUNPATH_SEARCH_PATHS = "$(inherited) @executable_path/Frameworks @loader_path/Frameworks";
				PRODUCT_NAME = "$(TARGET_NAME)";
				TEST_HOST = "$(BUILT_PRODUCTS_DIR)/SimpleReminder.app/SimpleReminder";
			};
			name = Debug;
		};
		2E7D5A9A1A2B5E4A009F762B /* Release */ = {
			isa = XCBuildConfiguration;
			buildSettings = {
				BUNDLE_LOADER = "$(TEST_HOST)";
				FRAMEWORK_SEARCH_PATHS = (
					"$(SDKROOT)/Developer/Library/Frameworks",
					"$(inherited)",
				);
				INFOPLIST_FILE = SimpleReminderTests/Info.plist;
				LD_RUNPATH_SEARCH_PATHS = "$(inherited) @executable_path/Frameworks @loader_path/Frameworks";
				PRODUCT_NAME = "$(TARGET_NAME)";
				TEST_HOST = "$(BUILT_PRODUCTS_DIR)/SimpleReminder.app/SimpleReminder";
			};
			name = Release;
		};
/* End XCBuildConfiguration section */

/* Begin XCConfigurationList section */
		2E7D5A6E1A2B5E4A009F762B /* Build configuration list for PBXProject "SimpleReminder" */ = {
			isa = XCConfigurationList;
			buildConfigurations = (
				2E7D5A931A2B5E4A009F762B /* Debug */,
				2E7D5A941A2B5E4A009F762B /* Release */,
			);
			defaultConfigurationIsVisible = 0;
			defaultConfigurationName = Release;
		};
		2E7D5A951A2B5E4A009F762B /* Build configuration list for PBXNativeTarget "SimpleReminder" */ = {
			isa = XCConfigurationList;
			buildConfigurations = (
				2E7D5A961A2B5E4A009F762B /* Debug */,
				2E7D5A971A2B5E4A009F762B /* Release */,
			);
			defaultConfigurationIsVisible = 0;
		};
		2E7D5A981A2B5E4A009F762B /* Build configuration list for PBXNativeTarget "SimpleReminderTests" */ = {
			isa = XCConfigurationList;
			buildConfigurations = (
				2E7D5A991A2B5E4A009F762B /* Debug */,
				2E7D5A9A1A2B5E4A009F762B /* Release */,
			);
			defaultConfigurationIsVisible = 0;
		};
/* End XCConfigurationList section */

/* Begin XCVersionGroup section */
		2E7D5A7A1A2B5E4A009F762B /* SimpleReminder.xcdatamodeld */ = {
			isa = XCVersionGroup;
			children = (
				2E7D5A7B1A2B5E4A009F762B /* SimpleReminder.xcdatamodel */,
			);
			currentVersion = 2E7D5A7B1A2B5E4A009F762B /* SimpleReminder.xcdatamodel */;
			path = SimpleReminder.xcdatamodeld;
			sourceTree = "<group>";
			versionGroupType = wrapper.xcdatamodel;
		};
/* End XCVersionGroup section */
	};
	rootObject = 2E7D5A6B1A2B5E4A009F762B /* Project object */;
}
